
Microsoft Visual Studio Solution File, Format Version 12.00
# Visual Studio Version 16
VisualStudioVersion = 16.0.30011.22
MinimumVisualStudioVersion = 10.0.40219.1
Project("{FAE04EC0-301F-11D3-BF4B-00C04F79EFBC}") = "Musicalog", "Musicalog.csproj", "{29BF8C55-C362-4CF5-809E-5DEA3E38DF93}"
EndProject
Project("{FAE04EC0-301F-11D3-BF4B-00C04F79EFBC}") = "Musicalog.Repository", "..\Musicalog.Repository\Musicalog.Repository.csproj", "{453EA2D7-C476-465B-8922-B31FDC02E5E2}"
EndProject
Project("{FAE04EC0-301F-11D3-BF4B-00C04F79EFBC}") = "Musicalog.Models", "..\Musicalog.Models\Musicalog.Models.csproj", "{2F943DD2-BA0E-422D-A042-9450C1BEB336}"
EndProject
Project("{FAE04EC0-301F-11D3-BF4B-00C04F79EFBC}") = "Musicalog.UnitTests", "..\Musicalog.UnitTests\Musicalog.UnitTests.csproj", "{C0ECB848-6AF8-4963-8E91-B6B6D5E47997}"
EndProject
Global
	GlobalSection(SolutionConfigurationPlatforms) = preSolution
		Debug|Any CPU = Debug|Any CPU
		Release|Any CPU = Release|Any CPU
	EndGlobalSection
	GlobalSection(ProjectConfigurationPlatforms) = postSolution
		{29BF8C55-C362-4CF5-809E-5DEA3E38DF93}.Debug|Any CPU.ActiveCfg = Debug|Any CPU
		{29BF8C55-C362-4CF5-809E-5DEA3E38DF93}.Debug|Any CPU.Build.0 = Debug|Any CPU
		{29BF8C55-C362-4CF5-809E-5DEA3E38DF93}.Release|Any CPU.ActiveCfg = Release|Any CPU
		{29BF8C55-C362-4CF5-809E-5DEA3E38DF93}.Release|Any CPU.Build.0 = Release|Any CPU
		{453EA2D7-C476-465B-8922-B31FDC02E5E2}.Debug|Any CPU.ActiveCfg = Debug|Any CPU
		{453EA2D7-C476-465B-8922-B31FDC02E5E2}.Debug|Any CPU.Build.0 = Debug|Any CPU
		{453EA2D7-C476-465B-8922-B31FDC02E5E2}.Release|Any CPU.ActiveCfg = Release|Any CPU
		{453EA2D7-C476-465B-8922-B31FDC02E5E2}.Release|Any CPU.Build.0 = Release|Any CPU
		{2F943DD2-BA0E-422D-A042-9450C1BEB336}.Debug|Any CPU.ActiveCfg = Debug|Any CPU
		{2F943DD2-BA0E-422D-A042-9450C1BEB336}.Debug|Any CPU.Build.0 = Debug|Any CPU
		{2F943DD2-BA0E-422D-A042-9450C1BEB336}.Release|Any CPU.ActiveCfg = Release|Any CPU
		{2F943DD2-BA0E-422D-A042-9450C1BEB336}.Release|Any CPU.Build.0 = Release|Any CPU
		{C0ECB848-6AF8-4963-8E91-B6B6D5E47997}.Debug|Any CPU.ActiveCfg = Debug|Any CPU
		{C0ECB848-6AF8-4963-8E91-B6B6D5E47997}.Debug|Any CPU.Build.0 = Debug|Any CPU
		{C0ECB848-6AF8-4963-8E91-B6B6D5E47997}.Release|Any CPU.ActiveCfg = Release|Any CPU
		{C0ECB848-6AF8-4963-8E91-B6B6D5E47997}.Release|Any CPU.Build.0 = Release|Any CPU
	EndGlobalSection
	GlobalSection(SolutionProperties) = preSolution
		HideSolutionNode = FALSE
	EndGlobalSection
	GlobalSection(ExtensibilityGlobals) = postSolution
		SolutionGuid = {988BCA9E-5D68-44F2-937C-A6C473BD6586}
	EndGlobalSection
EndGlobal
